<?xml version="1.0" encoding="utf-8"?>
<Project ToolsVersion="4.0" xmlns="http://schemas.microsoft.com/developer/msbuild/2003">
  <ItemGroup>
    <Filter Include="ソース ファイル">
      <UniqueIdentifier>{4FC737F1-C7A5-4376-A066-2A32D752A2FF}</UniqueIdentifier>
      <Extensions>cpp;c;cc;cxx;def;odl;idl;hpj;bat;asm;asmx</Extensions>
    </Filter>
    <Filter Include="ヘッダー ファイル">
      <UniqueIdentifier>{93995380-89BD-4b04-88EB-625FBE52EBFB}</UniqueIdentifier>
      <Extensions>h;hh;hpp;hxx;hm;inl;inc;xsd</Extensions>
    </Filter>
    <Filter Include="リソース ファイル">
      <UniqueIdentifier>{67DA6AB6-F800-4c08-8B7A-83BB121AAD01}</UniqueIdentifier>
      <Extensions>rc;ico;cur;bmp;dlg;rc2;rct;bin;rgs;gif;jpg;jpeg;jpe;resx;tiff;tif;png;wav;mfcribbon-ms</Extensions>
    </Filter>
    <Filter Include="ソース ファイル\myEngine">
      <UniqueIdentifier>{cf71c2d7-86a3-4324-b23c-562f3630fba6}</UniqueIdentifier>
    </Filter>
    <Filter Include="ソース ファイル\myEngine\Graphics">
      <UniqueIdentifier>{06578e99-1462-452d-9e13-0656e1071d84}</UniqueIdentifier>
    </Filter>
    <Filter Include="ソース ファイル\myEngine\Physics">
      <UniqueIdentifier>{24b08cc4-989a-4ce6-8812-a1108fd4dd90}</UniqueIdentifier>
    </Filter>
    <Filter Include="ソース ファイル\myEngine\HID">
      <UniqueIdentifier>{eb51f13c-4c51-4798-b6cc-97f71ded64a4}</UniqueIdentifier>
    </Filter>
    <Filter Include="ソース ファイル\myEngine\GameObject">
      <UniqueIdentifier>{23d7d821-e245-4c2d-b911-9fb3cbd5f336}</UniqueIdentifier>
    </Filter>
    <Filter Include="ソース ファイル\myEngine\math">
      <UniqueIdentifier>{2917411b-3778-498c-a734-436c91bb174c}</UniqueIdentifier>
    </Filter>
    <Filter Include="ソース ファイル\Games">
      <UniqueIdentifier>{2a08a98d-2b47-423a-8496-ccff8283075c}</UniqueIdentifier>
    </Filter>
    <Filter Include="ソース ファイル\Games\Character">
      <UniqueIdentifier>{133a3c8a-d8af-435e-b01b-3009e5a168f3}</UniqueIdentifier>
    </Filter>
    <Filter Include="ソース ファイル\Games\Item">
      <UniqueIdentifier>{534e989d-0bbb-48e3-a609-40711242d053}</UniqueIdentifier>
    </Filter>
    <Filter Include="ソース ファイル\myEngine\Sound">
      <UniqueIdentifier>{9d274c37-0c28-4f7d-a70a-9bc5cb2e4d44}</UniqueIdentifier>
    </Filter>
    <Filter Include="ソース ファイル\myEngine\Graphics\primitive">
      <UniqueIdentifier>{50e6d667-6b99-4709-87eb-2fdc9b357061}</UniqueIdentifier>
    </Filter>
    <Filter Include="ソース ファイル\myEngine\Camera">
      <UniqueIdentifier>{0685ee8c-1e07-4cef-9a51-ef85be6d3e9b}</UniqueIdentifier>
    </Filter>
    <Filter Include="ソース ファイル\Games\HUD">
      <UniqueIdentifier>{055b923e-cfa7-4a77-81b3-0cf895c686a1}</UniqueIdentifier>
    </Filter>
    <Filter Include="ソース ファイル\Games\scene">
      <UniqueIdentifier>{75d4dec6-7e3d-42c0-812d-a2f33a5e5834}</UniqueIdentifier>
    </Filter>
    <Filter Include="ソース ファイル\Games\Map">
      <UniqueIdentifier>{fceb8bfd-3b51-4fbd-827b-d1b7919952a0}</UniqueIdentifier>
    </Filter>
    <Filter Include="ソース ファイル\myEngine\Graphics\Timer">
      <UniqueIdentifier>{51c6378d-923c-454e-b1c5-0544497d58e9}</UniqueIdentifier>
    </Filter>
  </ItemGroup>
  <ItemGroup>
    <ClCompile Include="stdafx.cpp">
      <Filter>ソース ファイル</Filter>
    </ClCompile>
    <ClCompile Include="myEngine\Graphics\SkinModelData.cpp">
      <Filter>ソース ファイル\myEngine\Graphics</Filter>
    </ClCompile>
    <ClCompile Include="myEngine\Graphics\Animation.cpp">
      <Filter>ソース ファイル\myEngine\Graphics</Filter>
    </ClCompile>
    <ClCompile Include="myEngine\Graphics\Camera.cpp">
      <Filter>ソース ファイル\myEngine\Graphics</Filter>
    </ClCompile>
    <ClCompile Include="myEngine\Graphics\EffectManager.cpp">
      <Filter>ソース ファイル\myEngine\Graphics</Filter>
    </ClCompile>
    <ClCompile Include="myEngine\Graphics\SkinModel.cpp">
      <Filter>ソース ファイル\myEngine\Graphics</Filter>
    </ClCompile>
    <ClCompile Include="myEngine\Physics\RigidBody.cpp">
      <Filter>ソース ファイル\myEngine\Physics</Filter>
    </ClCompile>
    <ClCompile Include="myEngine\Physics\CapsuleCollider.cpp">
      <Filter>ソース ファイル\myEngine\Physics</Filter>
    </ClCompile>
    <ClCompile Include="myEngine\Physics\CharacterController.cpp">
      <Filter>ソース ファイル\myEngine\Physics</Filter>
    </ClCompile>
    <ClCompile Include="myEngine\Physics\MeshCollider.cpp">
      <Filter>ソース ファイル\myEngine\Physics</Filter>
    </ClCompile>
    <ClCompile Include="myEngine\Physics\Physics.cpp">
      <Filter>ソース ファイル\myEngine\Physics</Filter>
    </ClCompile>
    <ClCompile Include="myEngine\System.cpp">
      <Filter>ソース ファイル\myEngine</Filter>
    </ClCompile>
    <ClCompile Include="myEngine\HID\Pad.cpp">
      <Filter>ソース ファイル\myEngine\HID</Filter>
    </ClCompile>
    <ClCompile Include="myEngine\Camera\SpringCamera.cpp">
      <Filter>ソース ファイル\myEngine\Camera</Filter>
    </ClCompile>
    <ClCompile Include="myEngine\Camera\CameraCollisionSolver.cpp">
      <Filter>ソース ファイル\myEngine\Camera</Filter>
    </ClCompile>
    <ClCompile Include="myEngine\Physics\SphereCollider.cpp">
      <Filter>ソース ファイル\myEngine\Physics</Filter>
    </ClCompile>
    <ClCompile Include="myEngine\GameManager\GameObjectManager.cpp">
      <Filter>ソース ファイル\myEngine\GameObject</Filter>
    </ClCompile>
    <ClCompile Include="myEngine\GameManager\IGameObject.cpp">
      <Filter>ソース ファイル\myEngine\GameObject</Filter>
    </ClCompile>
    <ClCompile Include="myEngine\Graphics\Sprite\C2DImage.cpp">
      <Filter>ソース ファイル\myEngine\Graphics\primitive</Filter>
    </ClCompile>
    <ClCompile Include="myEngine\Graphics\Sprite\Primitive.cpp">
      <Filter>ソース ファイル\myEngine\Graphics\primitive</Filter>
    </ClCompile>
    <ClCompile Include="myEngine\Graphics\Sprite\Sprite.cpp">
      <Filter>ソース ファイル\myEngine\Graphics\primitive</Filter>
    </ClCompile>
    <ClCompile Include="myEngine\Graphics\ShadowMap.cpp">
      <Filter>ソース ファイル\myEngine\Graphics</Filter>
    </ClCompile>
    <ClCompile Include="game.cpp">
      <Filter>ソース ファイル</Filter>
    </ClCompile>
    <ClCompile Include="Character\Enemy.cpp">
      <Filter>ソース ファイル\Games\Character</Filter>
    </ClCompile>
    <ClCompile Include="Character\Player.cpp">
      <Filter>ソース ファイル\Games\Character</Filter>
    </ClCompile>
    <ClCompile Include="Fade\Fade.cpp">
      <Filter>ソース ファイル\Games\scene</Filter>
    </ClCompile>
    <ClCompile Include="GameCamera\GameCamera.cpp">
      <Filter>ソース ファイル\Games</Filter>
    </ClCompile>
    <ClCompile Include="Item\Bullet.cpp">
      <Filter>ソース ファイル\Games\Item</Filter>
    </ClCompile>
    <ClCompile Include="Item\Missile.cpp">
      <Filter>ソース ファイル\Games\Item</Filter>
    </ClCompile>
    <ClCompile Include="Map\Map.cpp">
      <Filter>ソース ファイル\Games\Map</Filter>
    </ClCompile>
    <ClCompile Include="Map\MapChip.cpp">
      <Filter>ソース ファイル\Games\Map</Filter>
    </ClCompile>
    <ClCompile Include="Map\Sea.cpp">
      <Filter>ソース ファイル</Filter>
    </ClCompile>
    <ClCompile Include="Map\Skydoom.cpp">
      <Filter>ソース ファイル\Games\Map</Filter>
    </ClCompile>
    <ClCompile Include="Scene\Result.cpp">
      <Filter>ソース ファイル</Filter>
    </ClCompile>
    <ClCompile Include="Scene\TITLE.cpp">
      <Filter>ソース ファイル\Games\scene</Filter>
    </ClCompile>
    <ClCompile Include="main.cpp">
      <Filter>ソース ファイル</Filter>
    </ClCompile>
    <ClCompile Include="GameCamera\RadarMap.cpp">
      <Filter>ソース ファイル</Filter>
    </ClCompile>
    <ClCompile Include="HUD\Hud.cpp">
      <Filter>ソース ファイル\Games\HUD</Filter>
    </ClCompile>
    <ClCompile Include="myEngine\Graphics\Sprite\IndexBuffer.cpp">
      <Filter>ソース ファイル</Filter>
    </ClCompile>
    <ClCompile Include="myEngine\Graphics\Sprite\VertexBuffer.cpp">
      <Filter>ソース ファイル</Filter>
    </ClCompile>
    <ClCompile Include="myEngine\Graphics\PostEffect\PostEffect.cpp">
      <Filter>ソース ファイル</Filter>
    </ClCompile>
    <ClCompile Include="myEngine\Graphics\PostEffect\Bloom.cpp">
      <Filter>ソース ファイル</Filter>
    </ClCompile>
    <ClCompile Include="myEngine\Sound\CSoundSource.cpp">
      <Filter>ソース ファイル</Filter>
    </ClCompile>
    <ClCompile Include="myEngine\Sound\WaveFileBank.cpp">
      <Filter>ソース ファイル</Filter>
    </ClCompile>
    <ClCompile Include="myEngine\Sound\WavFile.cpp">
      <Filter>ソース ファイル</Filter>
    </ClCompile>
    <ClCompile Include="myEngine\Sound\CSoundEngine.cpp">
      <Filter>ソース ファイル</Filter>
    </ClCompile>
    <ClCompile Include="myEngine\Graphics\Particle\ParticleEmitter.cpp">
      <Filter>ソース ファイル</Filter>
    </ClCompile>
    <ClCompile Include="myEngine\Graphics\Particle\Particle.cpp">
      <Filter>ソース ファイル</Filter>
    </ClCompile>
    <ClCompile Include="Character\GroupEnemy.cpp">
      <Filter>ソース ファイル</Filter>
    </ClCompile>
    <ClCompile Include="Scene\GameScene.cpp">
      <Filter>ソース ファイル</Filter>
    </ClCompile>
    <ClCompile Include="HUD\GUI.cpp">
      <Filter>ソース ファイル</Filter>
    </ClCompile>
    <ClCompile Include="HUD\ScoreCheckre.cpp">
      <Filter>ソース ファイル</Filter>
    </ClCompile>
    <ClCompile Include="myEngine\Graphics\PostEffect\Dof.cpp">
      <Filter>ソース ファイル</Filter>
    </ClCompile>
    <ClCompile Include="Map\Sun.cpp">
      <Filter>ソース ファイル</Filter>
    </ClCompile>
    <ClCompile Include="Scene\SelectScene.cpp">
      <Filter>ソース ファイル</Filter>
    </ClCompile>
    <ClCompile Include="myEngine\Graphics\PostEffect\Monochrome.cpp">
      <Filter>ソース ファイル</Filter>
    </ClCompile>
    <ClCompile Include="myEngine\Graphics\PostEffect\ZoomBlur.cpp">
      <Filter>ソース ファイル</Filter>
    </ClCompile>
    <ClCompile Include="myEngine\Random\MyRandom.cpp">
      <Filter>ソース ファイル</Filter>
    </ClCompile>
  </ItemGroup>
  <ItemGroup>
    <ClInclude Include="stdafx.h">
      <Filter>ソース ファイル</Filter>
    </ClInclude>
    <ClInclude Include="myEngine\Graphics\SkinModelData.h">
      <Filter>ソース ファイル\myEngine\Graphics</Filter>
    </ClInclude>
    <ClInclude Include="myEngine\Graphics\Animation.h">
      <Filter>ソース ファイル\myEngine\Graphics</Filter>
    </ClInclude>
    <ClInclude Include="myEngine\Graphics\Camera.h">
      <Filter>ソース ファイル\myEngine\Graphics</Filter>
    </ClInclude>
    <ClInclude Include="myEngine\Graphics\EffectManager.h">
      <Filter>ソース ファイル\myEngine\Graphics</Filter>
    </ClInclude>
    <ClInclude Include="myEngine\Graphics\Light.h">
      <Filter>ソース ファイル\myEngine\Graphics</Filter>
    </ClInclude>
    <ClInclude Include="myEngine\Graphics\SkinModel.h">
      <Filter>ソース ファイル\myEngine\Graphics</Filter>
    </ClInclude>
    <ClInclude Include="myEngine\Physics\Physics.h">
      <Filter>ソース ファイル\myEngine\Physics</Filter>
    </ClInclude>
    <ClInclude Include="myEngine\Physics\RigidBody.h">
      <Filter>ソース ファイル\myEngine\Physics</Filter>
    </ClInclude>
    <ClInclude Include="myEngine\Physics\CapsuleCollider.h">
      <Filter>ソース ファイル\myEngine\Physics</Filter>
    </ClInclude>
    <ClInclude Include="myEngine\Physics\CharacterController.h">
      <Filter>ソース ファイル\myEngine\Physics</Filter>
    </ClInclude>
    <ClInclude Include="myEngine\Physics\CollisionAttr.h">
      <Filter>ソース ファイル\myEngine\Physics</Filter>
    </ClInclude>
    <ClInclude Include="myEngine\Physics\ICollider.h">
      <Filter>ソース ファイル\myEngine\Physics</Filter>
    </ClInclude>
    <ClInclude Include="myEngine\Physics\MeshCollider.h">
      <Filter>ソース ファイル\myEngine\Physics</Filter>
    </ClInclude>
    <ClInclude Include="myEngine\system.h">
      <Filter>ソース ファイル\myEngine</Filter>
    </ClInclude>
    <ClInclude Include="myEngine\HID\Pad.h">
      <Filter>ソース ファイル\myEngine\HID</Filter>
    </ClInclude>
    <ClInclude Include="resource.h">
      <Filter>ヘッダー ファイル</Filter>
    </ClInclude>
    <ClInclude Include="Stopwatch.h">
      <Filter>ソース ファイル\myEngine\Graphics\Timer</Filter>
    </ClInclude>
    <ClInclude Include="myEngine\Camera\SpringCamera.h">
      <Filter>ソース ファイル\myEngine\Camera</Filter>
    </ClInclude>
    <ClInclude Include="myEngine\Camera\CameraCollisionSolver.h">
      <Filter>ソース ファイル\myEngine\Camera</Filter>
    </ClInclude>
    <ClInclude Include="myEngine\Physics\SphereCollider.h">
      <Filter>ソース ファイル\myEngine\Physics</Filter>
    </ClInclude>
    <ClInclude Include="myEngine\Time\GameTime.h">
      <Filter>ソース ファイル\myEngine\Graphics\Timer</Filter>
    </ClInclude>
    <ClInclude Include="myEngine\GameManager\GameObjectManager.h">
      <Filter>ソース ファイル\myEngine\GameObject</Filter>
    </ClInclude>
    <ClInclude Include="myEngine\GameManager\IGameObject.h">
      <Filter>ソース ファイル\myEngine\GameObject</Filter>
    </ClInclude>
    <ClInclude Include="myEngine\Graphics\Sprite\C2DImage.h">
      <Filter>ソース ファイル\myEngine\Graphics\primitive</Filter>
    </ClInclude>
    <ClInclude Include="myEngine\Graphics\Sprite\DxCommonData.h">
      <Filter>ソース ファイル\myEngine\Graphics\primitive</Filter>
    </ClInclude>
    <ClInclude Include="myEngine\Graphics\Sprite\Primitive.h">
      <Filter>ソース ファイル\myEngine\Graphics\primitive</Filter>
    </ClInclude>
    <ClInclude Include="myEngine\Graphics\Sprite\Sprite.h">
      <Filter>ソース ファイル\myEngine\Graphics\primitive</Filter>
    </ClInclude>
    <ClInclude Include="myEngine\Graphics\RenderTarget.h">
      <Filter>ソース ファイル\myEngine\Graphics</Filter>
    </ClInclude>
    <ClInclude Include="myEngine\Graphics\ShadowMap.h">
      <Filter>ソース ファイル\myEngine\Graphics</Filter>
    </ClInclude>
    <ClInclude Include="game.h">
      <Filter>ソース ファイル</Filter>
    </ClInclude>
    <ClInclude Include="Character\Enemy.h">
      <Filter>ソース ファイル\Games\Character</Filter>
    </ClInclude>
    <ClInclude Include="Character\Player.h">
      <Filter>ソース ファイル\Games\Character</Filter>
    </ClInclude>
    <ClInclude Include="Fade\Fade.h">
      <Filter>ソース ファイル\Games\scene</Filter>
    </ClInclude>
    <ClInclude Include="GameCamera\GameCamera.h">
      <Filter>ソース ファイル\Games</Filter>
    </ClInclude>
    <ClInclude Include="Item\Bullet.h">
      <Filter>ソース ファイル\Games\Item</Filter>
    </ClInclude>
    <ClInclude Include="Item\Missile.h">
      <Filter>ソース ファイル\Games\Item</Filter>
    </ClInclude>
    <ClInclude Include="Map\Map.h">
      <Filter>ソース ファイル\Games\Map</Filter>
    </ClInclude>
    <ClInclude Include="Map\MapChip.h">
      <Filter>ソース ファイル\Games\Map</Filter>
    </ClInclude>
    <ClInclude Include="Map\Sea.h">
      <Filter>ヘッダー ファイル</Filter>
    </ClInclude>
    <ClInclude Include="Map\Skydoom.h">
      <Filter>ソース ファイル\Games\Map</Filter>
    </ClInclude>
    <ClInclude Include="Map\Tutorial.h">
      <Filter>ソース ファイル\Games\Map</Filter>
    </ClInclude>
    <ClInclude Include="Scene\Result.h">
      <Filter>ヘッダー ファイル</Filter>
    </ClInclude>
    <ClInclude Include="Scene\TITLE.h">
      <Filter>ソース ファイル\Games\scene</Filter>
    </ClInclude>
    <ClInclude Include="GameCamera\RadarMap.h">
      <Filter>ヘッダー ファイル</Filter>
    </ClInclude>
    <ClInclude Include="HUD\Hud.h">
      <Filter>ソース ファイル\Games\HUD</Filter>
    </ClInclude>
    <ClInclude Include="myEngine\Graphics\Sprite\IndexBuffer.h">
      <Filter>ヘッダー ファイル</Filter>
    </ClInclude>
    <ClInclude Include="myEngine\Graphics\Sprite\VertexBuffer.h">
      <Filter>ヘッダー ファイル</Filter>
    </ClInclude>
    <ClInclude Include="myEngine\Graphics\PostEffect\PostEffect.h">
      <Filter>ヘッダー ファイル</Filter>
    </ClInclude>
    <ClInclude Include="myEngine\Graphics\PostEffect\Bloom.h">
      <Filter>ヘッダー ファイル</Filter>
    </ClInclude>
    <ClInclude Include="myEngine\Sound\CSoundSource.h">
      <Filter>ヘッダー ファイル</Filter>
    </ClInclude>
    <ClInclude Include="myEngine\Sound\WaveFileBank.h">
      <Filter>ヘッダー ファイル</Filter>
    </ClInclude>
    <ClInclude Include="myEngine\Sound\WavFile.h">
      <Filter>ヘッダー ファイル</Filter>
    </ClInclude>
    <ClInclude Include="myEngine\Sound\CNameKey.h">
      <Filter>ヘッダー ファイル</Filter>
    </ClInclude>
    <ClInclude Include="myEngine\Sound\CUtil.h">
      <Filter>ヘッダー ファイル</Filter>
    </ClInclude>
    <ClInclude Include="myEngine\Sound\CSoundEngine.h">
      <Filter>ヘッダー ファイル</Filter>
    </ClInclude>
    <ClInclude Include="myEngine\Graphics\Particle\ParticleEmitter.h">
      <Filter>ヘッダー ファイル</Filter>
    </ClInclude>
    <ClInclude Include="myEngine\Graphics\Particle\Particle.h">
      <Filter>ヘッダー ファイル</Filter>
    </ClInclude>
    <ClInclude Include="Character\GroupEnemy.h">
      <Filter>ヘッダー ファイル</Filter>
    </ClInclude>
    <ClInclude Include="Scene\GameScene.h">
      <Filter>ヘッダー ファイル</Filter>
    </ClInclude>
    <ClInclude Include="HUD\GUI.h">
      <Filter>ヘッダー ファイル</Filter>
    </ClInclude>
    <ClInclude Include="HUD\ScoreCheckre.h">
      <Filter>ヘッダー ファイル</Filter>
    </ClInclude>
    <ClInclude Include="myEngine\Graphics\PostEffect\Dof.h">
      <Filter>ヘッダー ファイル</Filter>
    </ClInclude>
    <ClInclude Include="Map\Sun.h">
      <Filter>ヘッダー ファイル</Filter>
    </ClInclude>
    <ClInclude Include="Scene\SelectScene.h">
      <Filter>ヘッダー ファイル</Filter>
    </ClInclude>
    <ClInclude Include="Map\DebagRoom.h">
      <Filter>ヘッダー ファイル</Filter>
    </ClInclude>
    <ClInclude Include="myEngine\Graphics\PostEffect\Monochrome.h">
      <Filter>ヘッダー ファイル</Filter>
    </ClInclude>
    <ClInclude Include="myEngine\Graphics\PostEffect\ZoomBlur.h">
      <Filter>ヘッダー ファイル</Filter>
    </ClInclude>
    <ClInclude Include="myEngine\Random\MyRandom.h">
      <Filter>ヘッダー ファイル</Filter>
    </ClInclude>
  </ItemGroup>
  <ItemGroup>
    <ResourceCompile Include="game.rc">
      <Filter>リソース ファイル</Filter>
    </ResourceCompile>
  </ItemGroup>
</Project>